
Microsoft Visual Studio Solution File, Format Version 12.00
# Visual Studio Version 17
VisualStudioVersion = 17.7.34221.43
MinimumVisualStudioVersion = 10.0.40219.1
Project("{8BC9CEB8-8B4A-11D0-8D11-00A0C91BC942}") = "01_Demo", "01_Demo\01_Demo.vcxproj", "{AADF4949-BD33-4F42-9794-E94BFB23068B}"
EndProject
Project("{2150E333-8FDC-42A3-9474-1A3956D46DE8}") = "00_Basic", "00_Basic", "{9AFF9EBD-24FD-45C6-9D68-D68A9938230D}"
EndProject
Project("{2150E333-8FDC-42A3-9474-1A3956D46DE8}") = "01_Combination", "01_Combination", "{852B2F4B-6F1D-4ED3-8371-92D87F58C1E3}"
EndProject
Project("{8BC9CEB8-8B4A-11D0-8D11-00A0C91BC942}") = "02_MultiWindows", "02_MultiWindows\02_MultiWindows.vcxproj", "{5FE1D9D7-B2EC-4256-9D2D-3D3B1A1D1EAD}"
EndProject
Project("{8BC9CEB8-8B4A-11D0-8D11-00A0C91BC942}") = "03_WindowFlags", "03_WindowFlags\03_WindowFlags.vcxproj", "{E242651A-954B-4173-8E56-1403DD8C0A13}"
EndProject
Project("{8BC9CEB8-8B4A-11D0-8D11-00A0C91BC942}") = "04_IDs", "04_IDs\04_IDs.vcxproj", "{AA132455-2E94-49DA-A3EB-6B72CEB1DBDA}"
EndProject
Project("{8BC9CEB8-8B4A-11D0-8D11-00A0C91BC942}") = "05_InputText", "05_InputText\05_InputText.vcxproj", "{3664ADF1-90BF-4222-BC03-2CC5953D3CAC}"
EndProject
Global
	GlobalSection(SolutionConfigurationPlatforms) = preSolution
		Debug|x64 = Debug|x64
		Debug|x86 = Debug|x86
		Release|x64 = Release|x64
		Release|x86 = Release|x86
	EndGlobalSection
	GlobalSection(ProjectConfigurationPlatforms) = postSolution
		{AADF4949-BD33-4F42-9794-E94BFB23068B}.Debug|x64.ActiveCfg = Debug|x64
		{AADF4949-BD33-4F42-9794-E94BFB23068B}.Debug|x64.Build.0 = Debug|x64
		{AADF4949-BD33-4F42-9794-E94BFB23068B}.Debug|x86.ActiveCfg = Debug|Win32
		{AADF4949-BD33-4F42-9794-E94BFB23068B}.Debug|x86.Build.0 = Debug|Win32
		{AADF4949-BD33-4F42-9794-E94BFB23068B}.Release|x64.ActiveCfg = Release|x64
		{AADF4949-BD33-4F42-9794-E94BFB23068B}.Release|x64.Build.0 = Release|x64
		{AADF4949-BD33-4F42-9794-E94BFB23068B}.Release|x86.ActiveCfg = Release|Win32
		{AADF4949-BD33-4F42-9794-E94BFB23068B}.Release|x86.Build.0 = Release|Win32
		{5FE1D9D7-B2EC-4256-9D2D-3D3B1A1D1EAD}.Debug|x64.ActiveCfg = Debug|x64
		{5FE1D9D7-B2EC-4256-9D2D-3D3B1A1D1EAD}.Debug|x64.Build.0 = Debug|x64
		{5FE1D9D7-B2EC-4256-9D2D-3D3B1A1D1EAD}.Debug|x86.ActiveCfg = Debug|Win32
		{5FE1D9D7-B2EC-4256-9D2D-3D3B1A1D1EAD}.Debug|x86.Build.0 = Debug|Win32
		{5FE1D9D7-B2EC-4256-9D2D-3D3B1A1D1EAD}.Release|x64.ActiveCfg = Release|x64
		{5FE1D9D7-B2EC-4256-9D2D-3D3B1A1D1EAD}.Release|x64.Build.0 = Release|x64
		{5FE1D9D7-B2EC-4256-9D2D-3D3B1A1D1EAD}.Release|x86.ActiveCfg = Release|Win32
		{5FE1D9D7-B2EC-4256-9D2D-3D3B1A1D1EAD}.Release|x86.Build.0 = Release|Win32
		{E242651A-954B-4173-8E56-1403DD8C0A13}.Debug|x64.ActiveCfg = Debug|x64
		{E242651A-954B-4173-8E56-1403DD8C0A13}.Debug|x64.Build.0 = Debug|x64
		{E242651A-954B-4173-8E56-1403DD8C0A13}.Debug|x86.ActiveCfg = Debug|Win32
		{E242651A-954B-4173-8E56-1403DD8C0A13}.Debug|x86.Build.0 = Debug|Win32
		{E242651A-954B-4173-8E56-1403DD8C0A13}.Release|x64.ActiveCfg = Release|x64
		{E242651A-954B-4173-8E56-1403DD8C0A13}.Release|x64.Build.0 = Release|x64
		{E242651A-954B-4173-8E56-1403DD8C0A13}.Release|x86.ActiveCfg = Release|Win32
		{E242651A-954B-4173-8E56-1403DD8C0A13}.Release|x86.Build.0 = Release|Win32
		{AA132455-2E94-49DA-A3EB-6B72CEB1DBDA}.Debug|x64.ActiveCfg = Debug|x64
		{AA132455-2E94-49DA-A3EB-6B72CEB1DBDA}.Debug|x64.Build.0 = Debug|x64
		{AA132455-2E94-49DA-A3EB-6B72CEB1DBDA}.Debug|x86.ActiveCfg = Debug|Win32
		{AA132455-2E94-49DA-A3EB-6B72CEB1DBDA}.Debug|x86.Build.0 = Debug|Win32
		{AA132455-2E94-49DA-A3EB-6B72CEB1DBDA}.Release|x64.ActiveCfg = Release|x64
		{AA132455-2E94-49DA-A3EB-6B72CEB1DBDA}.Release|x64.Build.0 = Release|x64
		{AA132455-2E94-49DA-A3EB-6B72CEB1DBDA}.Release|x86.ActiveCfg = Release|Win32
		{AA132455-2E94-49DA-A3EB-6B72CEB1DBDA}.Release|x86.Build.0 = Release|Win32
		{3664ADF1-90BF-4222-BC03-2CC5953D3CAC}.Debug|x64.ActiveCfg = Debug|x64
		{3664ADF1-90BF-4222-BC03-2CC5953D3CAC}.Debug|x64.Build.0 = Debug|x64
		{3664ADF1-90BF-4222-BC03-2CC5953D3CAC}.Debug|x86.ActiveCfg = Debug|Win32
		{3664ADF1-90BF-4222-BC03-2CC5953D3CAC}.Debug|x86.Build.0 = Debug|Win32
		{3664ADF1-90BF-4222-BC03-2CC5953D3CAC}.Release|x64.ActiveCfg = Release|x64
		{3664ADF1-90BF-4222-BC03-2CC5953D3CAC}.Release|x64.Build.0 = Release|x64
		{3664ADF1-90BF-4222-BC03-2CC5953D3CAC}.Release|x86.ActiveCfg = Release|Win32
		{3664ADF1-90BF-4222-BC03-2CC5953D3CAC}.Release|x86.Build.0 = Release|Win32
	EndGlobalSection
	GlobalSection(SolutionProperties) = preSolution
		HideSolutionNode = FALSE
	EndGlobalSection
	GlobalSection(NestedProjects) = preSolution
		{AADF4949-BD33-4F42-9794-E94BFB23068B} = {9AFF9EBD-24FD-45C6-9D68-D68A9938230D}
		{5FE1D9D7-B2EC-4256-9D2D-3D3B1A1D1EAD} = {9AFF9EBD-24FD-45C6-9D68-D68A9938230D}
		{E242651A-954B-4173-8E56-1403DD8C0A13} = {9AFF9EBD-24FD-45C6-9D68-D68A9938230D}
		{AA132455-2E94-49DA-A3EB-6B72CEB1DBDA} = {9AFF9EBD-24FD-45C6-9D68-D68A9938230D}
		{3664ADF1-90BF-4222-BC03-2CC5953D3CAC} = {9AFF9EBD-24FD-45C6-9D68-D68A9938230D}
	EndGlobalSection
	GlobalSection(ExtensibilityGlobals) = postSolution
		SolutionGuid = {78EF6241-2D8C-4C77-A314-0DE799FCD118}
	EndGlobalSection
EndGlobal
