
Microsoft Visual Studio Solution File, Format Version 12.00
# Visual Studio Version 17
VisualStudioVersion = 17.7.34221.43
MinimumVisualStudioVersion = 10.0.40219.1
Project("{8BC9CEB8-8B4A-11D0-8D11-00A0C91BC942}") = "01_Demo", "01_Demo\01_Demo.vcxproj", "{AADF4949-BD33-4F42-9794-E94BFB23068B}"
EndProject
Project("{2150E333-8FDC-42A3-9474-1A3956D46DE8}") = "00_Basic", "00_Basic", "{9AFF9EBD-24FD-45C6-9D68-D68A9938230D}"
	ProjectSection(SolutionItems) = preProject
		Memo.txt = Memo.txt
		Todo.txt = Todo.txt
	EndProjectSection
EndProject
Project("{2150E333-8FDC-42A3-9474-1A3956D46DE8}") = "100_Widget", "100_Widget", "{852B2F4B-6F1D-4ED3-8371-92D87F58C1E3}"
EndProject
Project("{8BC9CEB8-8B4A-11D0-8D11-00A0C91BC942}") = "02_MultiWindows", "02_MultiWindows\02_MultiWindows.vcxproj", "{5FE1D9D7-B2EC-4256-9D2D-3D3B1A1D1EAD}"
EndProject
Project("{8BC9CEB8-8B4A-11D0-8D11-00A0C91BC942}") = "03_WindowFlags", "03_WindowFlags\03_WindowFlags.vcxproj", "{E242651A-954B-4173-8E56-1403DD8C0A13}"
EndProject
Project("{8BC9CEB8-8B4A-11D0-8D11-00A0C91BC942}") = "04_IDs", "04_IDs\04_IDs.vcxproj", "{AA132455-2E94-49DA-A3EB-6B72CEB1DBDA}"
EndProject
Project("{8BC9CEB8-8B4A-11D0-8D11-00A0C91BC942}") = "05_InputText", "05_InputText\05_InputText.vcxproj", "{3664ADF1-90BF-4222-BC03-2CC5953D3CAC}"
EndProject
Project("{8BC9CEB8-8B4A-11D0-8D11-00A0C91BC942}") = "06_Group", "06_Group\06_Group.vcxproj", "{5F19F568-FEAA-487B-998E-5F976BF74B9D}"
EndProject
Project("{2150E333-8FDC-42A3-9474-1A3956D46DE8}") = "200_Advanced", "200_Advanced", "{91FC8128-4079-4F66-813C-34B15E172722}"
EndProject
Project("{8BC9CEB8-8B4A-11D0-8D11-00A0C91BC942}") = "07_Menu", "07_Menu\07_Menu.vcxproj", "{7657AAB6-A472-47B2-A879-027ED59AA077}"
EndProject
Project("{8BC9CEB8-8B4A-11D0-8D11-00A0C91BC942}") = "0_Playground", "0_Playground\0_Playground.vcxproj", "{8DA37BB6-3A1E-4596-9D1D-919B2499B7E9}"
EndProject
Project("{8BC9CEB8-8B4A-11D0-8D11-00A0C91BC942}") = "08_ItemSpacing", "08_ItemSpacing\08_ItemSpacing.vcxproj", "{6E8FDDF7-8FC8-4A51-BDC4-44B28DFFF05F}"
EndProject
Project("{8BC9CEB8-8B4A-11D0-8D11-00A0C91BC942}") = "09_Tooltip", "09_Tooltip\09_Tooltip.vcxproj", "{050D257E-8664-4258-8808-AE65B750C96E}"
EndProject
Project("{8BC9CEB8-8B4A-11D0-8D11-00A0C91BC942}") = "10_DrawPrimitives", "10_DrawPrimitives\10_DrawPrimitives.vcxproj", "{AB5B337C-A0F6-4647-A65C-3386E93D0D7D}"
EndProject
Project("{8BC9CEB8-8B4A-11D0-8D11-00A0C91BC942}") = "11_CustomControl_Link", "11_CustomControl_Link\11_CustomControl_Link.vcxproj", "{DFBC762F-52A4-4E3D-85CD-57C58EB91DB2}"
EndProject
Project("{8BC9CEB8-8B4A-11D0-8D11-00A0C91BC942}") = "12_Fonts", "12_Fonts\12_Fonts.vcxproj", "{1201DD9C-59F5-4A87-B7BD-C00DC1433910}"
EndProject
Project("{8BC9CEB8-8B4A-11D0-8D11-00A0C91BC942}") = "101_WidgetFormat", "101_WidgetFormat\101_WidgetFormat.vcxproj", "{B1308CF2-7029-4393-A9DE-AC49A792025A}"
EndProject
Project("{8BC9CEB8-8B4A-11D0-8D11-00A0C91BC942}") = "102_FileExplorer", "102_FileExplorer\102_FileExplorer.vcxproj", "{CCE8EB6E-92D2-4F7C-ACA4-F186393C2E2A}"
EndProject
Project("{8BC9CEB8-8B4A-11D0-8D11-00A0C91BC942}") = "103_Plotter", "103_Plotter\103_Plotter.vcxproj", "{1A14B43F-1066-42A7-ACE4-AEB67A61B9C2}"
EndProject
Project("{8BC9CEB8-8B4A-11D0-8D11-00A0C91BC942}") = "104_TextEditor", "104_TextEditor\104_TextEditor.vcxproj", "{B63F0B76-9C28-4EF4-995F-EAC7BEBCC1A3}"
EndProject
Project("{8BC9CEB8-8B4A-11D0-8D11-00A0C91BC942}") = "105_FileDiffViewer", "105_FileDiffViewer\105_FileDiffViewer.vcxproj", "{F3E2ECFC-E7D0-468E-8DD2-0FE148AC1671}"
EndProject
Project("{8BC9CEB8-8B4A-11D0-8D11-00A0C91BC942}") = "106_Paint", "106_Paint\106_Paint.vcxproj", "{557F0394-74D3-471D-BCA5-07653A4642C8}"
EndProject
Project("{8BC9CEB8-8B4A-11D0-8D11-00A0C91BC942}") = "107_Calendar", "107_Calendar\107_Calendar.vcxproj", "{C91C1E5D-15BC-4A65-A427-429F850C9527}"
EndProject
Project("{8BC9CEB8-8B4A-11D0-8D11-00A0C91BC942}") = "108_CsvEditor", "108_CsvEditor\108_CsvEditor.vcxproj", "{7F9D1621-4CF0-4C43-BBEB-44F18106E6AD}"
EndProject
Project("{8BC9CEB8-8B4A-11D0-8D11-00A0C91BC942}") = "109_WallClock", "109_WallClock\109_WallClock.vcxproj", "{12EE8FE0-315E-4A79-9CA3-D3223FC72F04}"
EndProject
Project("{8BC9CEB8-8B4A-11D0-8D11-00A0C91BC942}") = "110_Desktop", "110_Desktop\110_Desktop.vcxproj", "{CE433E48-C440-4C96-A6C1-4C92125F9A74}"
EndProject
Global
	GlobalSection(SolutionConfigurationPlatforms) = preSolution
		Debug|x64 = Debug|x64
		Debug|x86 = Debug|x86
		Release|x64 = Release|x64
		Release|x86 = Release|x86
	EndGlobalSection
	GlobalSection(ProjectConfigurationPlatforms) = postSolution
		{AADF4949-BD33-4F42-9794-E94BFB23068B}.Debug|x64.ActiveCfg = Debug|x64
		{AADF4949-BD33-4F42-9794-E94BFB23068B}.Debug|x64.Build.0 = Debug|x64
		{AADF4949-BD33-4F42-9794-E94BFB23068B}.Debug|x86.ActiveCfg = Debug|Win32
		{AADF4949-BD33-4F42-9794-E94BFB23068B}.Debug|x86.Build.0 = Debug|Win32
		{AADF4949-BD33-4F42-9794-E94BFB23068B}.Release|x64.ActiveCfg = Release|x64
		{AADF4949-BD33-4F42-9794-E94BFB23068B}.Release|x64.Build.0 = Release|x64
		{AADF4949-BD33-4F42-9794-E94BFB23068B}.Release|x86.ActiveCfg = Release|Win32
		{AADF4949-BD33-4F42-9794-E94BFB23068B}.Release|x86.Build.0 = Release|Win32
		{5FE1D9D7-B2EC-4256-9D2D-3D3B1A1D1EAD}.Debug|x64.ActiveCfg = Debug|x64
		{5FE1D9D7-B2EC-4256-9D2D-3D3B1A1D1EAD}.Debug|x64.Build.0 = Debug|x64
		{5FE1D9D7-B2EC-4256-9D2D-3D3B1A1D1EAD}.Debug|x86.ActiveCfg = Debug|Win32
		{5FE1D9D7-B2EC-4256-9D2D-3D3B1A1D1EAD}.Debug|x86.Build.0 = Debug|Win32
		{5FE1D9D7-B2EC-4256-9D2D-3D3B1A1D1EAD}.Release|x64.ActiveCfg = Release|x64
		{5FE1D9D7-B2EC-4256-9D2D-3D3B1A1D1EAD}.Release|x64.Build.0 = Release|x64
		{5FE1D9D7-B2EC-4256-9D2D-3D3B1A1D1EAD}.Release|x86.ActiveCfg = Release|Win32
		{5FE1D9D7-B2EC-4256-9D2D-3D3B1A1D1EAD}.Release|x86.Build.0 = Release|Win32
		{E242651A-954B-4173-8E56-1403DD8C0A13}.Debug|x64.ActiveCfg = Debug|x64
		{E242651A-954B-4173-8E56-1403DD8C0A13}.Debug|x64.Build.0 = Debug|x64
		{E242651A-954B-4173-8E56-1403DD8C0A13}.Debug|x86.ActiveCfg = Debug|Win32
		{E242651A-954B-4173-8E56-1403DD8C0A13}.Debug|x86.Build.0 = Debug|Win32
		{E242651A-954B-4173-8E56-1403DD8C0A13}.Release|x64.ActiveCfg = Release|x64
		{E242651A-954B-4173-8E56-1403DD8C0A13}.Release|x64.Build.0 = Release|x64
		{E242651A-954B-4173-8E56-1403DD8C0A13}.Release|x86.ActiveCfg = Release|Win32
		{E242651A-954B-4173-8E56-1403DD8C0A13}.Release|x86.Build.0 = Release|Win32
		{AA132455-2E94-49DA-A3EB-6B72CEB1DBDA}.Debug|x64.ActiveCfg = Debug|x64
		{AA132455-2E94-49DA-A3EB-6B72CEB1DBDA}.Debug|x64.Build.0 = Debug|x64
		{AA132455-2E94-49DA-A3EB-6B72CEB1DBDA}.Debug|x86.ActiveCfg = Debug|Win32
		{AA132455-2E94-49DA-A3EB-6B72CEB1DBDA}.Debug|x86.Build.0 = Debug|Win32
		{AA132455-2E94-49DA-A3EB-6B72CEB1DBDA}.Release|x64.ActiveCfg = Release|x64
		{AA132455-2E94-49DA-A3EB-6B72CEB1DBDA}.Release|x64.Build.0 = Release|x64
		{AA132455-2E94-49DA-A3EB-6B72CEB1DBDA}.Release|x86.ActiveCfg = Release|Win32
		{AA132455-2E94-49DA-A3EB-6B72CEB1DBDA}.Release|x86.Build.0 = Release|Win32
		{3664ADF1-90BF-4222-BC03-2CC5953D3CAC}.Debug|x64.ActiveCfg = Debug|x64
		{3664ADF1-90BF-4222-BC03-2CC5953D3CAC}.Debug|x64.Build.0 = Debug|x64
		{3664ADF1-90BF-4222-BC03-2CC5953D3CAC}.Debug|x86.ActiveCfg = Debug|Win32
		{3664ADF1-90BF-4222-BC03-2CC5953D3CAC}.Debug|x86.Build.0 = Debug|Win32
		{3664ADF1-90BF-4222-BC03-2CC5953D3CAC}.Release|x64.ActiveCfg = Release|x64
		{3664ADF1-90BF-4222-BC03-2CC5953D3CAC}.Release|x64.Build.0 = Release|x64
		{3664ADF1-90BF-4222-BC03-2CC5953D3CAC}.Release|x86.ActiveCfg = Release|Win32
		{3664ADF1-90BF-4222-BC03-2CC5953D3CAC}.Release|x86.Build.0 = Release|Win32
		{5F19F568-FEAA-487B-998E-5F976BF74B9D}.Debug|x64.ActiveCfg = Debug|x64
		{5F19F568-FEAA-487B-998E-5F976BF74B9D}.Debug|x64.Build.0 = Debug|x64
		{5F19F568-FEAA-487B-998E-5F976BF74B9D}.Debug|x86.ActiveCfg = Debug|Win32
		{5F19F568-FEAA-487B-998E-5F976BF74B9D}.Debug|x86.Build.0 = Debug|Win32
		{5F19F568-FEAA-487B-998E-5F976BF74B9D}.Release|x64.ActiveCfg = Release|x64
		{5F19F568-FEAA-487B-998E-5F976BF74B9D}.Release|x64.Build.0 = Release|x64
		{5F19F568-FEAA-487B-998E-5F976BF74B9D}.Release|x86.ActiveCfg = Release|Win32
		{5F19F568-FEAA-487B-998E-5F976BF74B9D}.Release|x86.Build.0 = Release|Win32
		{7657AAB6-A472-47B2-A879-027ED59AA077}.Debug|x64.ActiveCfg = Debug|x64
		{7657AAB6-A472-47B2-A879-027ED59AA077}.Debug|x64.Build.0 = Debug|x64
		{7657AAB6-A472-47B2-A879-027ED59AA077}.Debug|x86.ActiveCfg = Debug|Win32
		{7657AAB6-A472-47B2-A879-027ED59AA077}.Debug|x86.Build.0 = Debug|Win32
		{7657AAB6-A472-47B2-A879-027ED59AA077}.Release|x64.ActiveCfg = Release|x64
		{7657AAB6-A472-47B2-A879-027ED59AA077}.Release|x64.Build.0 = Release|x64
		{7657AAB6-A472-47B2-A879-027ED59AA077}.Release|x86.ActiveCfg = Release|Win32
		{7657AAB6-A472-47B2-A879-027ED59AA077}.Release|x86.Build.0 = Release|Win32
		{8DA37BB6-3A1E-4596-9D1D-919B2499B7E9}.Debug|x64.ActiveCfg = Debug|x64
		{8DA37BB6-3A1E-4596-9D1D-919B2499B7E9}.Debug|x64.Build.0 = Debug|x64
		{8DA37BB6-3A1E-4596-9D1D-919B2499B7E9}.Debug|x86.ActiveCfg = Debug|Win32
		{8DA37BB6-3A1E-4596-9D1D-919B2499B7E9}.Debug|x86.Build.0 = Debug|Win32
		{8DA37BB6-3A1E-4596-9D1D-919B2499B7E9}.Release|x64.ActiveCfg = Release|x64
		{8DA37BB6-3A1E-4596-9D1D-919B2499B7E9}.Release|x64.Build.0 = Release|x64
		{8DA37BB6-3A1E-4596-9D1D-919B2499B7E9}.Release|x86.ActiveCfg = Release|Win32
		{8DA37BB6-3A1E-4596-9D1D-919B2499B7E9}.Release|x86.Build.0 = Release|Win32
		{6E8FDDF7-8FC8-4A51-BDC4-44B28DFFF05F}.Debug|x64.ActiveCfg = Debug|x64
		{6E8FDDF7-8FC8-4A51-BDC4-44B28DFFF05F}.Debug|x64.Build.0 = Debug|x64
		{6E8FDDF7-8FC8-4A51-BDC4-44B28DFFF05F}.Debug|x86.ActiveCfg = Debug|Win32
		{6E8FDDF7-8FC8-4A51-BDC4-44B28DFFF05F}.Debug|x86.Build.0 = Debug|Win32
		{6E8FDDF7-8FC8-4A51-BDC4-44B28DFFF05F}.Release|x64.ActiveCfg = Release|x64
		{6E8FDDF7-8FC8-4A51-BDC4-44B28DFFF05F}.Release|x64.Build.0 = Release|x64
		{6E8FDDF7-8FC8-4A51-BDC4-44B28DFFF05F}.Release|x86.ActiveCfg = Release|Win32
		{6E8FDDF7-8FC8-4A51-BDC4-44B28DFFF05F}.Release|x86.Build.0 = Release|Win32
		{050D257E-8664-4258-8808-AE65B750C96E}.Debug|x64.ActiveCfg = Debug|x64
		{050D257E-8664-4258-8808-AE65B750C96E}.Debug|x64.Build.0 = Debug|x64
		{050D257E-8664-4258-8808-AE65B750C96E}.Debug|x86.ActiveCfg = Debug|Win32
		{050D257E-8664-4258-8808-AE65B750C96E}.Debug|x86.Build.0 = Debug|Win32
		{050D257E-8664-4258-8808-AE65B750C96E}.Release|x64.ActiveCfg = Release|x64
		{050D257E-8664-4258-8808-AE65B750C96E}.Release|x64.Build.0 = Release|x64
		{050D257E-8664-4258-8808-AE65B750C96E}.Release|x86.ActiveCfg = Release|Win32
		{050D257E-8664-4258-8808-AE65B750C96E}.Release|x86.Build.0 = Release|Win32
		{AB5B337C-A0F6-4647-A65C-3386E93D0D7D}.Debug|x64.ActiveCfg = Debug|x64
		{AB5B337C-A0F6-4647-A65C-3386E93D0D7D}.Debug|x64.Build.0 = Debug|x64
		{AB5B337C-A0F6-4647-A65C-3386E93D0D7D}.Debug|x86.ActiveCfg = Debug|Win32
		{AB5B337C-A0F6-4647-A65C-3386E93D0D7D}.Debug|x86.Build.0 = Debug|Win32
		{AB5B337C-A0F6-4647-A65C-3386E93D0D7D}.Release|x64.ActiveCfg = Release|x64
		{AB5B337C-A0F6-4647-A65C-3386E93D0D7D}.Release|x64.Build.0 = Release|x64
		{AB5B337C-A0F6-4647-A65C-3386E93D0D7D}.Release|x86.ActiveCfg = Release|Win32
		{AB5B337C-A0F6-4647-A65C-3386E93D0D7D}.Release|x86.Build.0 = Release|Win32
		{DFBC762F-52A4-4E3D-85CD-57C58EB91DB2}.Debug|x64.ActiveCfg = Debug|x64
		{DFBC762F-52A4-4E3D-85CD-57C58EB91DB2}.Debug|x64.Build.0 = Debug|x64
		{DFBC762F-52A4-4E3D-85CD-57C58EB91DB2}.Debug|x86.ActiveCfg = Debug|Win32
		{DFBC762F-52A4-4E3D-85CD-57C58EB91DB2}.Debug|x86.Build.0 = Debug|Win32
		{DFBC762F-52A4-4E3D-85CD-57C58EB91DB2}.Release|x64.ActiveCfg = Release|x64
		{DFBC762F-52A4-4E3D-85CD-57C58EB91DB2}.Release|x64.Build.0 = Release|x64
		{DFBC762F-52A4-4E3D-85CD-57C58EB91DB2}.Release|x86.ActiveCfg = Release|Win32
		{DFBC762F-52A4-4E3D-85CD-57C58EB91DB2}.Release|x86.Build.0 = Release|Win32
		{1201DD9C-59F5-4A87-B7BD-C00DC1433910}.Debug|x64.ActiveCfg = Debug|x64
		{1201DD9C-59F5-4A87-B7BD-C00DC1433910}.Debug|x64.Build.0 = Debug|x64
		{1201DD9C-59F5-4A87-B7BD-C00DC1433910}.Debug|x86.ActiveCfg = Debug|Win32
		{1201DD9C-59F5-4A87-B7BD-C00DC1433910}.Debug|x86.Build.0 = Debug|Win32
		{1201DD9C-59F5-4A87-B7BD-C00DC1433910}.Release|x64.ActiveCfg = Release|x64
		{1201DD9C-59F5-4A87-B7BD-C00DC1433910}.Release|x64.Build.0 = Release|x64
		{1201DD9C-59F5-4A87-B7BD-C00DC1433910}.Release|x86.ActiveCfg = Release|Win32
		{1201DD9C-59F5-4A87-B7BD-C00DC1433910}.Release|x86.Build.0 = Release|Win32
		{B1308CF2-7029-4393-A9DE-AC49A792025A}.Debug|x64.ActiveCfg = Debug|x64
		{B1308CF2-7029-4393-A9DE-AC49A792025A}.Debug|x64.Build.0 = Debug|x64
		{B1308CF2-7029-4393-A9DE-AC49A792025A}.Debug|x86.ActiveCfg = Debug|Win32
		{B1308CF2-7029-4393-A9DE-AC49A792025A}.Debug|x86.Build.0 = Debug|Win32
		{B1308CF2-7029-4393-A9DE-AC49A792025A}.Release|x64.ActiveCfg = Release|x64
		{B1308CF2-7029-4393-A9DE-AC49A792025A}.Release|x64.Build.0 = Release|x64
		{B1308CF2-7029-4393-A9DE-AC49A792025A}.Release|x86.ActiveCfg = Release|Win32
		{B1308CF2-7029-4393-A9DE-AC49A792025A}.Release|x86.Build.0 = Release|Win32
		{CCE8EB6E-92D2-4F7C-ACA4-F186393C2E2A}.Debug|x64.ActiveCfg = Debug|x64
		{CCE8EB6E-92D2-4F7C-ACA4-F186393C2E2A}.Debug|x64.Build.0 = Debug|x64
		{CCE8EB6E-92D2-4F7C-ACA4-F186393C2E2A}.Debug|x86.ActiveCfg = Debug|Win32
		{CCE8EB6E-92D2-4F7C-ACA4-F186393C2E2A}.Debug|x86.Build.0 = Debug|Win32
		{CCE8EB6E-92D2-4F7C-ACA4-F186393C2E2A}.Release|x64.ActiveCfg = Release|x64
		{CCE8EB6E-92D2-4F7C-ACA4-F186393C2E2A}.Release|x64.Build.0 = Release|x64
		{CCE8EB6E-92D2-4F7C-ACA4-F186393C2E2A}.Release|x86.ActiveCfg = Release|Win32
		{CCE8EB6E-92D2-4F7C-ACA4-F186393C2E2A}.Release|x86.Build.0 = Release|Win32
		{1A14B43F-1066-42A7-ACE4-AEB67A61B9C2}.Debug|x64.ActiveCfg = Debug|x64
		{1A14B43F-1066-42A7-ACE4-AEB67A61B9C2}.Debug|x64.Build.0 = Debug|x64
		{1A14B43F-1066-42A7-ACE4-AEB67A61B9C2}.Debug|x86.ActiveCfg = Debug|Win32
		{1A14B43F-1066-42A7-ACE4-AEB67A61B9C2}.Debug|x86.Build.0 = Debug|Win32
		{1A14B43F-1066-42A7-ACE4-AEB67A61B9C2}.Release|x64.ActiveCfg = Release|x64
		{1A14B43F-1066-42A7-ACE4-AEB67A61B9C2}.Release|x64.Build.0 = Release|x64
		{1A14B43F-1066-42A7-ACE4-AEB67A61B9C2}.Release|x86.ActiveCfg = Release|Win32
		{1A14B43F-1066-42A7-ACE4-AEB67A61B9C2}.Release|x86.Build.0 = Release|Win32
		{B63F0B76-9C28-4EF4-995F-EAC7BEBCC1A3}.Debug|x64.ActiveCfg = Debug|x64
		{B63F0B76-9C28-4EF4-995F-EAC7BEBCC1A3}.Debug|x64.Build.0 = Debug|x64
		{B63F0B76-9C28-4EF4-995F-EAC7BEBCC1A3}.Debug|x86.ActiveCfg = Debug|Win32
		{B63F0B76-9C28-4EF4-995F-EAC7BEBCC1A3}.Debug|x86.Build.0 = Debug|Win32
		{B63F0B76-9C28-4EF4-995F-EAC7BEBCC1A3}.Release|x64.ActiveCfg = Release|x64
		{B63F0B76-9C28-4EF4-995F-EAC7BEBCC1A3}.Release|x64.Build.0 = Release|x64
		{B63F0B76-9C28-4EF4-995F-EAC7BEBCC1A3}.Release|x86.ActiveCfg = Release|Win32
		{B63F0B76-9C28-4EF4-995F-EAC7BEBCC1A3}.Release|x86.Build.0 = Release|Win32
		{F3E2ECFC-E7D0-468E-8DD2-0FE148AC1671}.Debug|x64.ActiveCfg = Debug|x64
		{F3E2ECFC-E7D0-468E-8DD2-0FE148AC1671}.Debug|x64.Build.0 = Debug|x64
		{F3E2ECFC-E7D0-468E-8DD2-0FE148AC1671}.Debug|x86.ActiveCfg = Debug|Win32
		{F3E2ECFC-E7D0-468E-8DD2-0FE148AC1671}.Debug|x86.Build.0 = Debug|Win32
		{F3E2ECFC-E7D0-468E-8DD2-0FE148AC1671}.Release|x64.ActiveCfg = Release|x64
		{F3E2ECFC-E7D0-468E-8DD2-0FE148AC1671}.Release|x64.Build.0 = Release|x64
		{F3E2ECFC-E7D0-468E-8DD2-0FE148AC1671}.Release|x86.ActiveCfg = Release|Win32
		{F3E2ECFC-E7D0-468E-8DD2-0FE148AC1671}.Release|x86.Build.0 = Release|Win32
		{557F0394-74D3-471D-BCA5-07653A4642C8}.Debug|x64.ActiveCfg = Debug|x64
		{557F0394-74D3-471D-BCA5-07653A4642C8}.Debug|x64.Build.0 = Debug|x64
		{557F0394-74D3-471D-BCA5-07653A4642C8}.Debug|x86.ActiveCfg = Debug|Win32
		{557F0394-74D3-471D-BCA5-07653A4642C8}.Debug|x86.Build.0 = Debug|Win32
		{557F0394-74D3-471D-BCA5-07653A4642C8}.Release|x64.ActiveCfg = Release|x64
		{557F0394-74D3-471D-BCA5-07653A4642C8}.Release|x64.Build.0 = Release|x64
		{557F0394-74D3-471D-BCA5-07653A4642C8}.Release|x86.ActiveCfg = Release|Win32
		{557F0394-74D3-471D-BCA5-07653A4642C8}.Release|x86.Build.0 = Release|Win32
		{C91C1E5D-15BC-4A65-A427-429F850C9527}.Debug|x64.ActiveCfg = Debug|x64
		{C91C1E5D-15BC-4A65-A427-429F850C9527}.Debug|x64.Build.0 = Debug|x64
		{C91C1E5D-15BC-4A65-A427-429F850C9527}.Debug|x86.ActiveCfg = Debug|Win32
		{C91C1E5D-15BC-4A65-A427-429F850C9527}.Debug|x86.Build.0 = Debug|Win32
		{C91C1E5D-15BC-4A65-A427-429F850C9527}.Release|x64.ActiveCfg = Release|x64
		{C91C1E5D-15BC-4A65-A427-429F850C9527}.Release|x64.Build.0 = Release|x64
		{C91C1E5D-15BC-4A65-A427-429F850C9527}.Release|x86.ActiveCfg = Release|Win32
		{C91C1E5D-15BC-4A65-A427-429F850C9527}.Release|x86.Build.0 = Release|Win32
		{7F9D1621-4CF0-4C43-BBEB-44F18106E6AD}.Debug|x64.ActiveCfg = Debug|x64
		{7F9D1621-4CF0-4C43-BBEB-44F18106E6AD}.Debug|x64.Build.0 = Debug|x64
		{7F9D1621-4CF0-4C43-BBEB-44F18106E6AD}.Debug|x86.ActiveCfg = Debug|Win32
		{7F9D1621-4CF0-4C43-BBEB-44F18106E6AD}.Debug|x86.Build.0 = Debug|Win32
		{7F9D1621-4CF0-4C43-BBEB-44F18106E6AD}.Release|x64.ActiveCfg = Release|x64
		{7F9D1621-4CF0-4C43-BBEB-44F18106E6AD}.Release|x64.Build.0 = Release|x64
		{7F9D1621-4CF0-4C43-BBEB-44F18106E6AD}.Release|x86.ActiveCfg = Release|Win32
		{7F9D1621-4CF0-4C43-BBEB-44F18106E6AD}.Release|x86.Build.0 = Release|Win32
		{12EE8FE0-315E-4A79-9CA3-D3223FC72F04}.Debug|x64.ActiveCfg = Debug|x64
		{12EE8FE0-315E-4A79-9CA3-D3223FC72F04}.Debug|x64.Build.0 = Debug|x64
		{12EE8FE0-315E-4A79-9CA3-D3223FC72F04}.Debug|x86.ActiveCfg = Debug|Win32
		{12EE8FE0-315E-4A79-9CA3-D3223FC72F04}.Debug|x86.Build.0 = Debug|Win32
		{12EE8FE0-315E-4A79-9CA3-D3223FC72F04}.Release|x64.ActiveCfg = Release|x64
		{12EE8FE0-315E-4A79-9CA3-D3223FC72F04}.Release|x64.Build.0 = Release|x64
		{12EE8FE0-315E-4A79-9CA3-D3223FC72F04}.Release|x86.ActiveCfg = Release|Win32
		{12EE8FE0-315E-4A79-9CA3-D3223FC72F04}.Release|x86.Build.0 = Release|Win32
		{CE433E48-C440-4C96-A6C1-4C92125F9A74}.Debug|x64.ActiveCfg = Debug|x64
		{CE433E48-C440-4C96-A6C1-4C92125F9A74}.Debug|x64.Build.0 = Debug|x64
		{CE433E48-C440-4C96-A6C1-4C92125F9A74}.Debug|x86.ActiveCfg = Debug|Win32
		{CE433E48-C440-4C96-A6C1-4C92125F9A74}.Debug|x86.Build.0 = Debug|Win32
		{CE433E48-C440-4C96-A6C1-4C92125F9A74}.Release|x64.ActiveCfg = Release|x64
		{CE433E48-C440-4C96-A6C1-4C92125F9A74}.Release|x64.Build.0 = Release|x64
		{CE433E48-C440-4C96-A6C1-4C92125F9A74}.Release|x86.ActiveCfg = Release|Win32
		{CE433E48-C440-4C96-A6C1-4C92125F9A74}.Release|x86.Build.0 = Release|Win32
	EndGlobalSection
	GlobalSection(SolutionProperties) = preSolution
		HideSolutionNode = FALSE
	EndGlobalSection
	GlobalSection(NestedProjects) = preSolution
		{AADF4949-BD33-4F42-9794-E94BFB23068B} = {9AFF9EBD-24FD-45C6-9D68-D68A9938230D}
		{5FE1D9D7-B2EC-4256-9D2D-3D3B1A1D1EAD} = {9AFF9EBD-24FD-45C6-9D68-D68A9938230D}
		{E242651A-954B-4173-8E56-1403DD8C0A13} = {9AFF9EBD-24FD-45C6-9D68-D68A9938230D}
		{AA132455-2E94-49DA-A3EB-6B72CEB1DBDA} = {9AFF9EBD-24FD-45C6-9D68-D68A9938230D}
		{3664ADF1-90BF-4222-BC03-2CC5953D3CAC} = {9AFF9EBD-24FD-45C6-9D68-D68A9938230D}
		{5F19F568-FEAA-487B-998E-5F976BF74B9D} = {9AFF9EBD-24FD-45C6-9D68-D68A9938230D}
		{7657AAB6-A472-47B2-A879-027ED59AA077} = {9AFF9EBD-24FD-45C6-9D68-D68A9938230D}
		{6E8FDDF7-8FC8-4A51-BDC4-44B28DFFF05F} = {9AFF9EBD-24FD-45C6-9D68-D68A9938230D}
		{050D257E-8664-4258-8808-AE65B750C96E} = {9AFF9EBD-24FD-45C6-9D68-D68A9938230D}
		{AB5B337C-A0F6-4647-A65C-3386E93D0D7D} = {9AFF9EBD-24FD-45C6-9D68-D68A9938230D}
		{DFBC762F-52A4-4E3D-85CD-57C58EB91DB2} = {9AFF9EBD-24FD-45C6-9D68-D68A9938230D}
		{1201DD9C-59F5-4A87-B7BD-C00DC1433910} = {9AFF9EBD-24FD-45C6-9D68-D68A9938230D}
		{B1308CF2-7029-4393-A9DE-AC49A792025A} = {852B2F4B-6F1D-4ED3-8371-92D87F58C1E3}
		{CCE8EB6E-92D2-4F7C-ACA4-F186393C2E2A} = {852B2F4B-6F1D-4ED3-8371-92D87F58C1E3}
		{1A14B43F-1066-42A7-ACE4-AEB67A61B9C2} = {852B2F4B-6F1D-4ED3-8371-92D87F58C1E3}
		{B63F0B76-9C28-4EF4-995F-EAC7BEBCC1A3} = {852B2F4B-6F1D-4ED3-8371-92D87F58C1E3}
		{F3E2ECFC-E7D0-468E-8DD2-0FE148AC1671} = {852B2F4B-6F1D-4ED3-8371-92D87F58C1E3}
		{557F0394-74D3-471D-BCA5-07653A4642C8} = {852B2F4B-6F1D-4ED3-8371-92D87F58C1E3}
		{C91C1E5D-15BC-4A65-A427-429F850C9527} = {852B2F4B-6F1D-4ED3-8371-92D87F58C1E3}
		{7F9D1621-4CF0-4C43-BBEB-44F18106E6AD} = {852B2F4B-6F1D-4ED3-8371-92D87F58C1E3}
		{12EE8FE0-315E-4A79-9CA3-D3223FC72F04} = {852B2F4B-6F1D-4ED3-8371-92D87F58C1E3}
		{CE433E48-C440-4C96-A6C1-4C92125F9A74} = {852B2F4B-6F1D-4ED3-8371-92D87F58C1E3}
	EndGlobalSection
	GlobalSection(ExtensibilityGlobals) = postSolution
		SolutionGuid = {78EF6241-2D8C-4C77-A314-0DE799FCD118}
	EndGlobalSection
EndGlobal
